
Microsoft Visual Studio Solution File, Format Version 12.00
# Visual Studio Version 17
VisualStudioVersion = 17.0.32014.148
MinimumVisualStudioVersion = 10.0.40219.1
Project("{9A19103F-16F7-4668-BE54-9A1E7A4F7556}") = "FirstProject", "FirstProject\FirstProject.csproj", "{AFDC94C7-2821-4740-8FA2-BD2D2D36398C}"
EndProject
Project("{9A19103F-16F7-4668-BE54-9A1E7A4F7556}") = "Variables", "Variables\Variables.csproj", "{8E115574-5F10-45E9-959B-CBF5FA8D7855}"
EndProject
Project("{9A19103F-16F7-4668-BE54-9A1E7A4F7556}") = "Methods", "Methods\Methods.csproj", "{B8543693-1541-4044-9D84-6AF045CCD69E}"
EndProject
Project("{9A19103F-16F7-4668-BE54-9A1E7A4F7556}") = "ClassUsageBasic", "ClassUsageBasic\ClassUsageBasic.csproj", "{A1346943-E519-4175-BF4C-BDC73388FD40}"
EndProject
Project("{9A19103F-16F7-4668-BE54-9A1E7A4F7556}") = "Eample01_ClassObjectInstance", "Eample01_ClassObjectInstance\Eample01_ClassObjectInstance.csproj", "{D37B448A-17A7-4E84-B719-47F658EC0CAB}"
EndProject
Project("{9A19103F-16F7-4668-BE54-9A1E7A4F7556}") = "Statement_if", "Statement_if\Statement_if.csproj", "{E99FD8B3-E22C-4B25-B06D-635C4B16E0B4}"
EndProject
Project("{9A19103F-16F7-4668-BE54-9A1E7A4F7556}") = "Operators", "Operators\Operators.csproj", "{1DCC9B81-C00B-4463-9722-E1C20F99D9E6}"
EndProject
Project("{9A19103F-16F7-4668-BE54-9A1E7A4F7556}") = "Array", "Array\Array.csproj", "{C254C6B7-09DF-4AF2-B4AE-47119A2EB621}"
EndProject
Project("{9A19103F-16F7-4668-BE54-9A1E7A4F7556}") = "Array2Dimension", "Array2Dimension\Array2Dimension.csproj", "{0040538F-69D5-4695-BAF4-5ED728D4B48D}"
EndProject
Project("{9A19103F-16F7-4668-BE54-9A1E7A4F7556}") = "Statemenet_Loops", "Statemenet_Loops\Statemenet_Loops.csproj", "{D73DE369-9983-4CC0-8328-A4A2B1023E49}"
EndProject
Project("{FAE04EC0-301F-11D3-BF4B-00C04F79EFBC}") = "Statement_SwichCase", "Statement_SwichCase\Statement_SwichCase.csproj", "{518E1111-2724-4338-A29E-761A60357FAD}"
EndProject
Project("{FAE04EC0-301F-11D3-BF4B-00C04F79EFBC}") = "Structure", "Structure\Structure.csproj", "{431F711B-2F0D-4279-956B-76DDDB933003}"
EndProject
Project("{FAE04EC0-301F-11D3-BF4B-00C04F79EFBC}") = "Eamplae02_HorseRacing", "Eamplae02_HorseRacing\Eamplae02_HorseRacing.csproj", "{5D472349-161E-420C-A289-B2263E95AB59}"
EndProject
Project("{FAE04EC0-301F-11D3-BF4B-00C04F79EFBC}") = "ClassInheritanceAndPolymorphism", "ClassInheritanceAndPolymorphism\ClassInheritanceAndPolymorphism.csproj", "{121CCC0D-88FF-40AD-A74A-18FC764F35D4}"
EndProject
Global
	GlobalSection(SolutionConfigurationPlatforms) = preSolution
		Debug|Any CPU = Debug|Any CPU
		Release|Any CPU = Release|Any CPU
	EndGlobalSection
	GlobalSection(ProjectConfigurationPlatforms) = postSolution
		{AFDC94C7-2821-4740-8FA2-BD2D2D36398C}.Debug|Any CPU.ActiveCfg = Debug|Any CPU
		{AFDC94C7-2821-4740-8FA2-BD2D2D36398C}.Debug|Any CPU.Build.0 = Debug|Any CPU
		{AFDC94C7-2821-4740-8FA2-BD2D2D36398C}.Release|Any CPU.ActiveCfg = Release|Any CPU
		{AFDC94C7-2821-4740-8FA2-BD2D2D36398C}.Release|Any CPU.Build.0 = Release|Any CPU
		{8E115574-5F10-45E9-959B-CBF5FA8D7855}.Debug|Any CPU.ActiveCfg = Debug|Any CPU
		{8E115574-5F10-45E9-959B-CBF5FA8D7855}.Debug|Any CPU.Build.0 = Debug|Any CPU
		{8E115574-5F10-45E9-959B-CBF5FA8D7855}.Release|Any CPU.ActiveCfg = Release|Any CPU
		{8E115574-5F10-45E9-959B-CBF5FA8D7855}.Release|Any CPU.Build.0 = Release|Any CPU
		{B8543693-1541-4044-9D84-6AF045CCD69E}.Debug|Any CPU.ActiveCfg = Debug|Any CPU
		{B8543693-1541-4044-9D84-6AF045CCD69E}.Debug|Any CPU.Build.0 = Debug|Any CPU
		{B8543693-1541-4044-9D84-6AF045CCD69E}.Release|Any CPU.ActiveCfg = Release|Any CPU
		{B8543693-1541-4044-9D84-6AF045CCD69E}.Release|Any CPU.Build.0 = Release|Any CPU
		{A1346943-E519-4175-BF4C-BDC73388FD40}.Debug|Any CPU.ActiveCfg = Debug|Any CPU
		{A1346943-E519-4175-BF4C-BDC73388FD40}.Debug|Any CPU.Build.0 = Debug|Any CPU
		{A1346943-E519-4175-BF4C-BDC73388FD40}.Release|Any CPU.ActiveCfg = Release|Any CPU
		{A1346943-E519-4175-BF4C-BDC73388FD40}.Release|Any CPU.Build.0 = Release|Any CPU
		{D37B448A-17A7-4E84-B719-47F658EC0CAB}.Debug|Any CPU.ActiveCfg = Debug|Any CPU
		{D37B448A-17A7-4E84-B719-47F658EC0CAB}.Debug|Any CPU.Build.0 = Debug|Any CPU
		{D37B448A-17A7-4E84-B719-47F658EC0CAB}.Release|Any CPU.ActiveCfg = Release|Any CPU
		{D37B448A-17A7-4E84-B719-47F658EC0CAB}.Release|Any CPU.Build.0 = Release|Any CPU
		{E99FD8B3-E22C-4B25-B06D-635C4B16E0B4}.Debug|Any CPU.ActiveCfg = Debug|Any CPU
		{E99FD8B3-E22C-4B25-B06D-635C4B16E0B4}.Debug|Any CPU.Build.0 = Debug|Any CPU
		{E99FD8B3-E22C-4B25-B06D-635C4B16E0B4}.Release|Any CPU.ActiveCfg = Release|Any CPU
		{E99FD8B3-E22C-4B25-B06D-635C4B16E0B4}.Release|Any CPU.Build.0 = Release|Any CPU
		{1DCC9B81-C00B-4463-9722-E1C20F99D9E6}.Debug|Any CPU.ActiveCfg = Debug|Any CPU
		{1DCC9B81-C00B-4463-9722-E1C20F99D9E6}.Debug|Any CPU.Build.0 = Debug|Any CPU
		{1DCC9B81-C00B-4463-9722-E1C20F99D9E6}.Release|Any CPU.ActiveCfg = Release|Any CPU
		{1DCC9B81-C00B-4463-9722-E1C20F99D9E6}.Release|Any CPU.Build.0 = Release|Any CPU
		{C254C6B7-09DF-4AF2-B4AE-47119A2EB621}.Debug|Any CPU.ActiveCfg = Debug|Any CPU
		{C254C6B7-09DF-4AF2-B4AE-47119A2EB621}.Debug|Any CPU.Build.0 = Debug|Any CPU
		{C254C6B7-09DF-4AF2-B4AE-47119A2EB621}.Release|Any CPU.ActiveCfg = Release|Any CPU
		{C254C6B7-09DF-4AF2-B4AE-47119A2EB621}.Release|Any CPU.Build.0 = Release|Any CPU
		{0040538F-69D5-4695-BAF4-5ED728D4B48D}.Debug|Any CPU.ActiveCfg = Debug|Any CPU
		{0040538F-69D5-4695-BAF4-5ED728D4B48D}.Debug|Any CPU.Build.0 = Debug|Any CPU
		{0040538F-69D5-4695-BAF4-5ED728D4B48D}.Release|Any CPU.ActiveCfg = Release|Any CPU
		{0040538F-69D5-4695-BAF4-5ED728D4B48D}.Release|Any CPU.Build.0 = Release|Any CPU
		{D73DE369-9983-4CC0-8328-A4A2B1023E49}.Debug|Any CPU.ActiveCfg = Debug|Any CPU
		{D73DE369-9983-4CC0-8328-A4A2B1023E49}.Debug|Any CPU.Build.0 = Debug|Any CPU
		{D73DE369-9983-4CC0-8328-A4A2B1023E49}.Release|Any CPU.ActiveCfg = Release|Any CPU
		{D73DE369-9983-4CC0-8328-A4A2B1023E49}.Release|Any CPU.Build.0 = Release|Any CPU
		{518E1111-2724-4338-A29E-761A60357FAD}.Debug|Any CPU.ActiveCfg = Debug|Any CPU
		{518E1111-2724-4338-A29E-761A60357FAD}.Debug|Any CPU.Build.0 = Debug|Any CPU
		{518E1111-2724-4338-A29E-761A60357FAD}.Release|Any CPU.ActiveCfg = Release|Any CPU
		{518E1111-2724-4338-A29E-761A60357FAD}.Release|Any CPU.Build.0 = Release|Any CPU
		{431F711B-2F0D-4279-956B-76DDDB933003}.Debug|Any CPU.ActiveCfg = Debug|Any CPU
		{431F711B-2F0D-4279-956B-76DDDB933003}.Debug|Any CPU.Build.0 = Debug|Any CPU
		{431F711B-2F0D-4279-956B-76DDDB933003}.Release|Any CPU.ActiveCfg = Release|Any CPU
		{431F711B-2F0D-4279-956B-76DDDB933003}.Release|Any CPU.Build.0 = Release|Any CPU
		{5D472349-161E-420C-A289-B2263E95AB59}.Debug|Any CPU.ActiveCfg = Debug|Any CPU
		{5D472349-161E-420C-A289-B2263E95AB59}.Debug|Any CPU.Build.0 = Debug|Any CPU
		{5D472349-161E-420C-A289-B2263E95AB59}.Release|Any CPU.ActiveCfg = Release|Any CPU
		{5D472349-161E-420C-A289-B2263E95AB59}.Release|Any CPU.Build.0 = Release|Any CPU
		{121CCC0D-88FF-40AD-A74A-18FC764F35D4}.Debug|Any CPU.ActiveCfg = Debug|Any CPU
		{121CCC0D-88FF-40AD-A74A-18FC764F35D4}.Debug|Any CPU.Build.0 = Debug|Any CPU
		{121CCC0D-88FF-40AD-A74A-18FC764F35D4}.Release|Any CPU.ActiveCfg = Release|Any CPU
		{121CCC0D-88FF-40AD-A74A-18FC764F35D4}.Release|Any CPU.Build.0 = Release|Any CPU
	EndGlobalSection
	GlobalSection(SolutionProperties) = preSolution
		HideSolutionNode = FALSE
	EndGlobalSection
	GlobalSection(ExtensibilityGlobals) = postSolution
		SolutionGuid = {093647DB-3F96-4674-9AE4-68BA416EF020}
	EndGlobalSection
EndGlobal
